# THIS IS AN AUTOGENERATED FILE. DO NOT EDIT THIS FILE DIRECTLY.
# yarn lockfile v1


"@esbuild/darwin-x64@0.25.3":
  "integrity" "sha512-Kd8glo7sIZtwOLcPbW0yLpKmBNWMANZhrC1r6K++uDR2zyzb6AeOYtI6udbtabmQpFaxJ8uduXMAo1gs5ozz8A=="
  "resolved" "https://registry.npmjs.org/@esbuild/darwin-x64/-/darwin-x64-0.25.3.tgz"
  "version" "0.25.3"

"@hotwired/hotwire-native-bridge@^1.2.1":
  "integrity" "sha512-bqNw+VEd2pgYMkCdl3jMHC51jZZVWvPupBaVJ5nHHEgixe16Tz5qECvrfHUBrksED48qrUk4hdTPCMXuUM5GJQ=="
  "resolved" "https://registry.npmjs.org/@hotwired/hotwire-native-bridge/-/hotwire-native-bridge-1.2.1.tgz"
  "version" "1.2.1"

"@hotwired/stimulus@^3.2.2":
  "integrity" "sha512-eGeIqNOQpXoPAIP7tC1+1Yc1yl1xnwYqg+3mzqxyrbE5pg5YFBZcA6YoTiByJB6DKAEsiWtl6tjTJS4IYtbB7A=="
  "resolved" "https://registry.npmjs.org/@hotwired/stimulus/-/stimulus-3.2.2.tgz"
  "version" "3.2.2"

"@hotwired/turbo-rails@^8.0.13":
  "integrity" "sha512-6SCnnOSzhtaJ0pNkAjncZxjtKsK3sP/vPEkCnTXBXSHkr+vF7DTZkOlwjhms1DbbQNTsjCsBoKvzSMbh/omSCQ=="
  "resolved" "https://registry.npmjs.org/@hotwired/turbo-rails/-/turbo-rails-8.0.13.tgz"
  "version" "8.0.13"
  dependencies:
    "@hotwired/turbo" "^8.0.13"
    "@rails/actioncable" "^7.0"

"@hotwired/turbo@^8.0.13":
  "integrity" "sha512-M7qXUqcGab6G5PKOiwhgbByTtrPgKPFCTMNQ52QhzUEXEqmp0/ApEguUesh/FPiUjrmFec+3lq98KsWnYY2C7g=="
  "resolved" "https://registry.npmjs.org/@hotwired/turbo/-/turbo-8.0.13.tgz"
  "version" "8.0.13"

"@popperjs/core@^2.9.3":
  "integrity" "sha512-P1st0aksCrn9sGZhp8GMYwBnQsbvAWsZAX44oXNNvLHGqAOcoVxmjZiohstwQ7SqKnbR47akdNi+uleWD8+g6A=="
  "resolved" "https://registry.npmjs.org/@popperjs/core/-/core-2.11.8.tgz"
  "version" "2.11.8"

"@rails/actioncable@^7.0":
  "integrity" "sha512-wsTdWoZ5EfG5k3t7ORdyQF0ZmDEgN4aVPCanHAiNEwCROqibSZMXXmCbH7IDJUVri4FOeAVwwbPINI7HVHPKBw=="
  "resolved" "https://registry.npmjs.org/@rails/actioncable/-/actioncable-7.2.201.tgz"
  "version" "7.2.201"

"@rails/activestorage@^7.0.4":
  "integrity" "sha512-7hCJsh2eULFwki4MhDGVLSdAABkmjQkCm9LNE2UK6Ti9uRMkhpER+PoLFLJ2QlJkahZuN62gbCnOnLczRxZSdA=="
  "resolved" "https://registry.npmjs.org/@rails/activestorage/-/activestorage-7.2.201.tgz"
  "version" "7.2.201"
  dependencies:
    "spark-md5" "^3.0.1"

"@types/sortablejs@^1.15.6":
  "integrity" "sha512-b79830lW+RZfwaztgs1aVPgbasJ8e7AXtZYHTELNXZPsERt4ymJdjV4OccDbHQAvHrCcFpbF78jkm0R6h/pZVg=="
  "resolved" "https://registry.npmjs.org/@types/sortablejs/-/sortablejs-1.15.8.tgz"
  "version" "1.15.8"

"esbuild@^0.25.3":
  "integrity" "sha512-qKA6Pvai73+M2FtftpNKRxJ78GIjmFXFxd/1DVBqGo/qNhLSfv+G12n9pNoWdytJC8U00TrViOwpjT0zgqQS8Q=="
  "resolved" "https://registry.npmjs.org/esbuild/-/esbuild-0.25.3.tgz"
  "version" "0.25.3"
  optionalDependencies:
    "@esbuild/aix-ppc64" "0.25.3"
    "@esbuild/android-arm" "0.25.3"
    "@esbuild/android-arm64" "0.25.3"
    "@esbuild/android-x64" "0.25.3"
    "@esbuild/darwin-arm64" "0.25.3"
    "@esbuild/darwin-x64" "0.25.3"
    "@esbuild/freebsd-arm64" "0.25.3"
    "@esbuild/freebsd-x64" "0.25.3"
    "@esbuild/linux-arm" "0.25.3"
    "@esbuild/linux-arm64" "0.25.3"
    "@esbuild/linux-ia32" "0.25.3"
    "@esbuild/linux-loong64" "0.25.3"
    "@esbuild/linux-mips64el" "0.25.3"
    "@esbuild/linux-ppc64" "0.25.3"
    "@esbuild/linux-riscv64" "0.25.3"
    "@esbuild/linux-s390x" "0.25.3"
    "@esbuild/linux-x64" "0.25.3"
    "@esbuild/netbsd-arm64" "0.25.3"
    "@esbuild/netbsd-x64" "0.25.3"
    "@esbuild/openbsd-arm64" "0.25.3"
    "@esbuild/openbsd-x64" "0.25.3"
    "@esbuild/sunos-x64" "0.25.3"
    "@esbuild/win32-arm64" "0.25.3"
    "@esbuild/win32-ia32" "0.25.3"
    "@esbuild/win32-x64" "0.25.3"

"flowbite@^1.5.5":
  "integrity" "sha512-lXTcO8a6dRTPFpINyOLcATCN/pK1Of/jY4PryklPllAiqH64tSDUsOdQpar3TO59ZXWwugm2e92oaqwH6X90Xg=="
  "resolved" "https://registry.npmjs.org/flowbite/-/flowbite-1.8.1.tgz"
  "version" "1.8.1"
  dependencies:
    "@popperjs/core" "^2.9.3"
    "mini-svg-data-uri" "^1.4.3"

"mini-svg-data-uri@^1.4.3":
  "integrity" "sha512-r9deDe9p5FJUPZAk3A59wGH7Ii9YrjjWw0jmw/liSbHl2CHiyXj6FcDXDu2K3TjVAXqiJdaw3xxwlZZr9E6nHg=="
  "resolved" "https://registry.npmjs.org/mini-svg-data-uri/-/mini-svg-data-uri-1.4.4.tgz"
  "version" "1.4.4"

"sortablejs@^1.15.6":
  "integrity" "sha512-aNfiuwMEpfBM/CN6LY0ibyhxPfPbyFeBTYJKCvzkJ2GkUpazIt3H+QIPAMHwqQ7tMKaHz1Qj+rJJCqljnf4p3A=="
  "resolved" "https://registry.npmjs.org/sortablejs/-/sortablejs-1.15.6.tgz"
  "version" "1.15.6"

"spark-md5@^3.0.1":
  "integrity" "sha512-wcFzz9cDfbuqe0FZzfi2or1sgyIrsDwmPwfZC4hiNidPdPINjeUwNfv5kldczoEAcjl9Y1L3SM7Uz2PUEQzxQw=="
  "resolved" "https://registry.npmjs.org/spark-md5/-/spark-md5-3.0.2.tgz"
  "version" "3.0.2"
